
Microsoft Visual Studio Solution File, Format Version 12.00
# Visual Studio Version 16
VisualStudioVersion = 16.0.31702.278
MinimumVisualStudioVersion = 10.0.40219.1
Project("{9A19103F-16F7-4668-BE54-9A1E7A4F7556}") = "RestWithASPNETUdemy", "RestWithASPNETUdemy\RestWithASPNETUdemy.csproj", "{4BCD002F-B0CA-4795-A906-EC7722A84C5D}"
EndProject
Project("{E53339B2-1760-4266-BCC7-CA923CBCF16C}") = "docker-compose", "docker-compose.dcproj", "{DD3EB699-D68D-4425-9C33-8BA178AE787F}"
EndProject
Global
	GlobalSection(SolutionConfigurationPlatforms) = preSolution
		Debug|Any CPU = Debug|Any CPU
		Release|Any CPU = Release|Any CPU
	EndGlobalSection
	GlobalSection(ProjectConfigurationPlatforms) = postSolution
		{4BCD002F-B0CA-4795-A906-EC7722A84C5D}.Debug|Any CPU.ActiveCfg = Debug|Any CPU
		{4BCD002F-B0CA-4795-A906-EC7722A84C5D}.Debug|Any CPU.Build.0 = Debug|Any CPU
		{4BCD002F-B0CA-4795-A906-EC7722A84C5D}.Release|Any CPU.ActiveCfg = Release|Any CPU
		{4BCD002F-B0CA-4795-A906-EC7722A84C5D}.Release|Any CPU.Build.0 = Release|Any CPU
		{DD3EB699-D68D-4425-9C33-8BA178AE787F}.Debug|Any CPU.ActiveCfg = Debug|Any CPU
		{DD3EB699-D68D-4425-9C33-8BA178AE787F}.Debug|Any CPU.Build.0 = Debug|Any CPU
		{DD3EB699-D68D-4425-9C33-8BA178AE787F}.Release|Any CPU.ActiveCfg = Release|Any CPU
		{DD3EB699-D68D-4425-9C33-8BA178AE787F}.Release|Any CPU.Build.0 = Release|Any CPU
	EndGlobalSection
	GlobalSection(SolutionProperties) = preSolution
		HideSolutionNode = FALSE
	EndGlobalSection
	GlobalSection(ExtensibilityGlobals) = postSolution
		SolutionGuid = {E171FC77-BF35-494A-A615-6538D14A89D8}
	EndGlobalSection
EndGlobal
